
Microsoft Visual Studio Solution File, Format Version 12.00
# Visual Studio Version 16
VisualStudioVersion = 16.0.31424.327
MinimumVisualStudioVersion = 10.0.40219.1
Project("{FAE04EC0-301F-11D3-BF4B-00C04F79EFBC}") = "TrabalhoIndividual1Pratica", "TrabalhoIndividual1Pratica\TrabalhoIndividual1Pratica.csproj", "{0259BB3A-0B5E-48E5-A494-141B369FC28B}"
EndProject
Global
	GlobalSection(SolutionConfigurationPlatforms) = preSolution
		Debug|Any CPU = Debug|Any CPU
		Release|Any CPU = Release|Any CPU
	EndGlobalSection
	GlobalSection(ProjectConfigurationPlatforms) = postSolution
		{0259BB3A-0B5E-48E5-A494-141B369FC28B}.Debug|Any CPU.ActiveCfg = Debug|Any CPU
		{0259BB3A-0B5E-48E5-A494-141B369FC28B}.Debug|Any CPU.Build.0 = Debug|Any CPU
		{0259BB3A-0B5E-48E5-A494-141B369FC28B}.Release|Any CPU.ActiveCfg = Release|Any CPU
		{0259BB3A-0B5E-48E5-A494-141B369FC28B}.Release|Any CPU.Build.0 = Release|Any CPU
	EndGlobalSection
	GlobalSection(SolutionProperties) = preSolution
		HideSolutionNode = FALSE
	EndGlobalSection
	GlobalSection(ExtensibilityGlobals) = postSolution
		SolutionGuid = {673B9A32-9283-44BC-8C10-184269435612}
	EndGlobalSection
EndGlobal
